{
    "version": 3,
    "terraform_version": "0.11.3",
    "serial": 14,
    "lineage": "3fe573b7-3515-4221-a75a-5c629142e2b2",
    "modules": [
        {
            "path": [
                "root"
            ],
            "outputs": {
                "jenkins2_eip": {
                    "sensitive": false,
                    "type": "string",
                    "value": "35.176.173.4"
                }
            },
            "resources": {
                "aws_eip.crawlia_website_static_ip": {
                    "type": "aws_eip",
                    "depends_on": [
                        "module.web_server"
                    ],
                    "primary": {
                        "id": "eipalloc-888888ae",
                        "attributes": {
                            "association_id": "eipassoc-b6abcdef",
                            "domain": "vpc",
                            "id": "eipalloc-888888ae",
                            "instance": "i-01b3ea2381e02d928",
                            "network_interface": "eni-da620c8e",
                            "private_ip": "10.0.25.64",
                            "public_ip": "67.176.100.4",
                            "tags.%": "4",
                            "tags.Environment": "test",
                            "tags.ManagedBy": "terraform",
                            "tags.Name": "crawlia_website_eip_mysite_test",
                            "tags.Product": "mysite",
                            "vpc": "true"
                        },
                        "meta": {
                            "e2bfb730-ecaa-11e6-8f88-34363bc7c4c0": {
                                "delete": 180000000000,
                                "read": 900000000000,
                                "update": 300000000000
                            }
                        },
                        "tainted": false
                    },
                    "deposed": [],
                    "provider": "provider.aws"
                },
                "aws_internet_gateway.mysite_gateway": {
                    "type": "aws_internet_gateway",
                    "depends_on": [
                        "aws_vpc.vpc"
                    ],
                    "primary": {
                        "id": "igw-f06f5f99",
                        "attributes": {
                            "id": "igw-f06f5f99",
                            "tags.%": "3",
                            "tags.Managed-By": "Terraform",
                            "tags.Name": "InternetGateway",
                            "tags.Product": "mysite-test",
                            "vpc_id": "vpc-12abcdef"
                        },
                        "meta": {},
                        "tainted": false
                    },
                    "deposed": [],
                    "provider": "provider.aws"
                },
                "aws_key_pair.mysite_test_key_pair": {
                    "type": "aws_key_pair",
                    "depends_on": [],
                    "primary": {
                        "id": "mysite_key_pair",
                        "attributes": {
                            "id": "mysite_key_pair",
                            "key_name": "mysite_key_pair",
                            "public_key": "ssh-rsa AAAA"
                        },
                        "meta": {
                            "schema_version": "1"
                        },
                        "tainted": false
                    },
                    "deposed": [],
                    "provider": "provider.aws"
                },
                "aws_route_table.mysite_rt_public": {
                    "type": "aws_route_table",
                    "depends_on": [
                        "aws_internet_gateway.mysite_gateway",
                        "aws_vpc.vpc"
                    ],
                    "primary": {
                        "id": "rtb-b46211dc",
                        "attributes": {
                            "id": "rtb-b46211dc",
                            "propagating_vgws.#": "0",
                            "route.#": "1",
                            "route.2899893088.cidr_block": "0.0.0.0/0",
                            "route.2899893088.egress_only_gateway_id": "",
                            "route.2899893088.gateway_id": "igw-f06f5f99",
                            "route.2899893088.instance_id": "",
                            "route.2899893088.ipv6_cidr_block": "",
                            "route.2899893088.nat_gateway_id": "",
                            "route.2899893088.network_interface_id": "",
                            "route.2899893088.vpc_peering_connection_id": "",
                            "tags.%": "3",
                            "tags.Managed-By": "Terraform",
                            "tags.Name": "Public Subnet",
                            "tags.Product": "mysite-test",
                            "vpc_id": "vpc-12abcdef"
                        },
                        "meta": {},
                        "tainted": false
                    },
                    "deposed": [],
                    "provider": "provider.aws"
                },
                "aws_route_table_association.mysite_rta_public_main_web_server1": {
                    "type": "aws_route_table_association",
                    "depends_on": [
                        "aws_route_table.mysite_rt_public",
                        "aws_subnet.main_web_server1"
                    ],
                    "primary": {
                        "id": "rtbassoc-5189783a",
                        "attributes": {
                            "id": "rtbassoc-5189783a",
                            "route_table_id": "rtb-b46211dc",
                            "subnet_id": "subnet-0b924171"
                        },
                        "meta": {},
                        "tainted": false
                    },
                    "deposed": [],
                    "provider": "provider.aws"
                },
                "aws_subnet.main_web_server1": {
                    "type": "aws_subnet",
                    "depends_on": [
                        "aws_vpc.vpc"
                    ],
                    "primary": {
                        "id": "subnet-0b924171",
                        "attributes": {
                            "assign_ipv6_address_on_creation": "false",
                            "availability_zone": "us-east-1a",
                            "cidr_block": "10.0.25.0/24",
                            "id": "subnet-0b924171",
                            "map_public_ip_on_launch": "true",
                            "tags.%": "4",
                            "tags.Description": "webserver1 subnet",
                            "tags.ManagedBy": "terraform",
                            "tags.Name": "web_server1",
                            "tags.Product": "mysite-test",
                            "vpc_id": "vpc-12abcdef"
                        },
                        "meta": {
                            "schema_version": "1"
                        },
                        "tainted": false
                    },
                    "deposed": [],
                    "provider": "provider.aws"
                },
                "aws_vpc.vpc": {
                    "type": "aws_vpc",
                    "depends_on": [],
                    "primary": {
                        "id": "vpc-12abcdef",
                        "attributes": {
                            "assign_generated_ipv6_cidr_block": "false",
                            "cidr_block": "10.0.0.0/16",
                            "default_network_acl_id": "acl-f9dbba91",
                            "default_route_table_id": "rtb-aa6013c2",
                            "default_security_group_id": "sg-c0d689ab",
                            "dhcp_options_id": "dopt-52e8543a",
                            "enable_dns_hostnames": "true",
                            "enable_dns_support": "true",
                            "id": "vpc-12abcdef",
                            "instance_tenancy": "default",
                            "main_route_table_id": "rtb-aa6013c2",
                            "tags.%": "3",
                            "tags.Managed-By": "Terraform",
                            "tags.Name": "mysite-test-vpc",
                            "tags.Product": "mysite-test"
                        },
                        "meta": {
                            "schema_version": "1"
                        },
                        "tainted": false
                    },
                    "deposed": [],
                    "provider": "provider.aws"
                },
                "data.aws_ami.ubuntu": {
                    "type": "aws_ami",
                    "depends_on": [],
                    "primary": {
                        "id": "ami-6b3fd60c",
                        "attributes": {
                            "architecture": "x86_64",
                            "block_device_mappings.#": "3",
                            "block_device_mappings.1634610537.device_name": "/dev/sdb",
                            "block_device_mappings.1634610537.ebs.%": "0",
                            "block_device_mappings.1634610537.no_device": "",
                            "block_device_mappings.1634610537.virtual_name": "ephemeral0",
                            "block_device_mappings.2547816212.device_name": "/dev/sda1",
                            "block_device_mappings.2547816212.ebs.%": "6",
                            "block_device_mappings.2547816212.ebs.delete_on_termination": "true",
                            "block_device_mappings.2547816212.ebs.encrypted": "false",
                            "block_device_mappings.2547816212.ebs.iops": "0",
                            "block_device_mappings.2547816212.ebs.snapshot_id": "snap-00e524c3b04fa29cf",
                            "block_device_mappings.2547816212.ebs.volume_size": "8",
                            "block_device_mappings.2547816212.ebs.volume_type": "gp2",
                            "block_device_mappings.2547816212.no_device": "",
                            "block_device_mappings.2547816212.virtual_name": "",
                            "block_device_mappings.3850042718.device_name": "/dev/sdc",
                            "block_device_mappings.3850042718.ebs.%": "0",
                            "block_device_mappings.3850042718.no_device": "",
                            "block_device_mappings.3850042718.virtual_name": "ephemeral1",
                            "creation_date": "2018-06-27T13:44:27.000Z",
                            "description": "Canonical, Ubuntu, 16.04 LTS, amd64 xenial image build on 2018-06-27",
                            "filter.#": "2",
                            "filter.1585153008.name": "name",
                            "filter.1585153008.values.#": "1",
                            "filter.1585153008.values.0": "ubuntu/images/hvm-ssd/ubuntu-xenial-16.04-amd64-server-*",
                            "filter.490168357.name": "virtualization-type",
                            "filter.490168357.values.#": "1",
                            "filter.490168357.values.0": "hvm",
                            "hypervisor": "xen",
                            "id": "ami-6b3fd60c",
                            "image_id": "ami-6b3fd60c",
                            "image_location": "099720109477/ubuntu/images/hvm-ssd/ubuntu-xenial-16.04-amd64-server-20180627",
                            "image_type": "machine",
                            "most_recent": "true",
                            "name": "ubuntu/images/hvm-ssd/ubuntu-xenial-16.04-amd64-server-20180627",
                            "owner_id": "099720109477",
                            "owners.#": "1",
                            "owners.0": "099720109477",
                            "product_codes.#": "0",
                            "public": "true",
                            "root_device_name": "/dev/sda1",
                            "root_device_type": "ebs",
                            "root_snapshot_id": "snap-00e524c3b04fa29cf",
                            "sriov_net_support": "simple",
                            "state": "available",
                            "state_reason.%": "2",
                            "state_reason.code": "UNSET",
                            "state_reason.message": "UNSET",
                            "tags.%": "0",
                            "virtualization_type": "hvm"
                        },
                        "meta": {},
                        "tainted": false
                    },
                    "deposed": [],
                    "provider": "provider.aws"
                },
                "data.aws_ip_ranges.uk_ec2": {
                    "type": "aws_ip_ranges",
                    "depends_on": [],
                    "primary": {
                        "id": "1531774353",
                        "attributes": {
                            "cidr_blocks.#": "7",
                            "cidr_blocks.0": "18.130.0.0/16",
                            "cidr_blocks.1": "18.175.0.0/16",
                            "cidr_blocks.2": "35.176.0.0/15",
                            "cidr_blocks.3": "35.178.0.0/15",
                            "cidr_blocks.4": "52.56.0.0/16",
                            "cidr_blocks.5": "52.94.248.192/28",
                            "cidr_blocks.6": "52.95.253.0/24",
                            "create_date": "2018-07-16-20-52-33",
                            "id": "1531774353",
                            "regions.#": "1",
                            "regions.1261757217": "us-east-1",
                            "services.#": "1",
                            "services.995495937": "ec2",
                            "sync_token": "1531774353"
                        },
                        "meta": {},
                        "tainted": false
                    },
                    "deposed": [],
                    "provider": "provider.aws"
                },
                "null_resource.web_server_ansible_provisioner": {
                    "type": "null_resource",
                    "depends_on": [
                        "module.web_server"
                    ],
                    "primary": {
                        "id": "3721058822189642026",
                        "attributes": {
                            "id": "3721058822189642026"
                        },
                        "meta": {},
                        "tainted": false
                    },
                    "deposed": [],
                    "provider": "provider.null"
                }
            },
            "depends_on": []
        },
        {
            "path": [
                "root",
                "core_security_groups"
            ],
            "outputs": {
                "allow_apt": {
                    "sensitive": false,
                    "type": "string",
                    "value": "sg-3dd58a56"
                },
                "allow_outbound_http_access": {
                    "sensitive": false,
                    "type": "string",
                    "value": "sg-86da85ed"
                },
                "allow_ping": {
                    "sensitive": false,
                    "type": "string",
                    "value": "sg-b6d887dd"
                },
                "allow_ssh": {
                    "sensitive": false,
                    "type": "string",
                    "value": "sg-afd986c4"
                },
                "allow_webserver1_access": {
                    "sensitive": false,
                    "type": "string",
                    "value": "sg-dcd58ab7"
                },
                "core_security_group_names": {
                    "sensitive": false,
                    "type": "list",
                    "value": [
                        "mysite-test-allow_ssh",
                        "mysite-test-allow_apt",
                        "mysite-test-allow_ping"
                    ]
                }
            },
            "resources": {
                "aws_security_group.allow_apt": {
                    "type": "aws_security_group",
                    "depends_on": [],
                    "primary": {
                        "id": "sg-3dd58a56",
                        "attributes": {
                            "arn": "arn:aws:ec2:us-east-1:123456789123:security-group/sg-3dd58a56",
                            "description": "Allow apt-get",
                            "egress.#": "1",
                            "egress.2214680975.cidr_blocks.#": "1",
                            "egress.2214680975.cidr_blocks.0": "0.0.0.0/0",
                            "egress.2214680975.description": "",
                            "egress.2214680975.from_port": "80",
                            "egress.2214680975.ipv6_cidr_blocks.#": "0",
                            "egress.2214680975.prefix_list_ids.#": "0",
                            "egress.2214680975.protocol": "tcp",
                            "egress.2214680975.security_groups.#": "0",
                            "egress.2214680975.self": "false",
                            "egress.2214680975.to_port": "80",
                            "id": "sg-3dd58a56",
                            "ingress.#": "0",
                            "name": "mysite-test-allow_apt",
                            "owner_id": "123456789123",
                            "revoke_rules_on_delete": "false",
                            "tags.%": "3",
                            "tags.Environment": "test",
                            "tags.Managed-By": "terraform",
                            "tags.Product": "mysite",
                            "vpc_id": "vpc-12abcdef"
                        },
                        "meta": {
                            "e2bfb730-ecaa-11e6-8f88-34363bc7c4c0": {
                                "create": 600000000000,
                                "delete": 600000000000
                            },
                            "schema_version": "1"
                        },
                        "tainted": false
                    },
                    "deposed": [],
                    "provider": "provider.aws"
                },
                "aws_security_group.allow_http_access": {
                    "type": "aws_security_group",
                    "depends_on": [],
                    "primary": {
                        "id": "sg-32d98659",
                        "attributes": {
                            "arn": "arn:aws:ec2:us-east-1:123456789123:security-group/sg-32d98659",
                            "description": "Allow inbound and outbound on port 80",
                            "egress.#": "0",
                            "id": "sg-32d98659",
                            "ingress.#": "2",
                            "ingress.2214680975.cidr_blocks.#": "1",
                            "ingress.2214680975.cidr_blocks.0": "0.0.0.0/0",
                            "ingress.2214680975.description": "",
                            "ingress.2214680975.from_port": "80",
                            "ingress.2214680975.ipv6_cidr_blocks.#": "0",
                            "ingress.2214680975.protocol": "tcp",
                            "ingress.2214680975.security_groups.#": "0",
                            "ingress.2214680975.self": "false",
                            "ingress.2214680975.to_port": "80",
                            "ingress.2617001939.cidr_blocks.#": "1",
                            "ingress.2617001939.cidr_blocks.0": "0.0.0.0/0",
                            "ingress.2617001939.description": "",
                            "ingress.2617001939.from_port": "443",
                            "ingress.2617001939.ipv6_cidr_blocks.#": "0",
                            "ingress.2617001939.protocol": "tcp",
                            "ingress.2617001939.security_groups.#": "0",
                            "ingress.2617001939.self": "false",
                            "ingress.2617001939.to_port": "443",
                            "name": "mysite-test-allow_http_access",
                            "owner_id": "123456789123",
                            "revoke_rules_on_delete": "false",
                            "tags.%": "3",
                            "tags.Environment": "test",
                            "tags.Managed-By": "terraform",
                            "tags.Product": "mysite",
                            "vpc_id": "vpc-12abcdef"
                        },
                        "meta": {
                            "e2bfb730-ecaa-11e6-8f88-34363bc7c4c0": {
                                "create": 600000000000,
                                "delete": 600000000000
                            },
                            "schema_version": "1"
                        },
                        "tainted": false
                    },
                    "deposed": [],
                    "provider": "provider.aws"
                },
                "aws_security_group.allow_outbound_http_access": {
                    "type": "aws_security_group",
                    "depends_on": [],
                    "primary": {
                        "id": "sg-86da85ed",
                        "attributes": {
                            "arn": "arn:aws:ec2:us-east-1:123456789123:security-group/sg-86da85ed",
                            "description": "Allow inbound on port 80",
                            "egress.#": "0",
                            "id": "sg-86da85ed",
                            "ingress.#": "1",
                            "ingress.2214680975.cidr_blocks.#": "1",
                            "ingress.2214680975.cidr_blocks.0": "0.0.0.0/0",
                            "ingress.2214680975.description": "",
                            "ingress.2214680975.from_port": "80",
                            "ingress.2214680975.ipv6_cidr_blocks.#": "0",
                            "ingress.2214680975.protocol": "tcp",
                            "ingress.2214680975.security_groups.#": "0",
                            "ingress.2214680975.self": "false",
                            "ingress.2214680975.to_port": "80",
                            "name": "mysite-test-allow_outbound_http_access",
                            "owner_id": "123456789123",
                            "revoke_rules_on_delete": "false",
                            "tags.%": "3",
                            "tags.Environment": "test",
                            "tags.Managed-By": "terraform",
                            "tags.Product": "mysite",
                            "vpc_id": "vpc-12abcdef"
                        },
                        "meta": {
                            "e2bfb730-ecaa-11e6-8f88-34363bc7c4c0": {
                                "create": 600000000000,
                                "delete": 600000000000
                            },
                            "schema_version": "1"
                        },
                        "tainted": false
                    },
                    "deposed": [],
                    "provider": "provider.aws"
                },
                "aws_security_group.allow_ping": {
                    "type": "aws_security_group",
                    "depends_on": [],
                    "primary": {
                        "id": "sg-b6d887dd",
                        "attributes": {
                            "arn": "arn:aws:ec2:us-east-1:123456789123:security-group/sg-b6d887dd",
                            "description": "Allow server to be pinged",
                            "egress.#": "0",
                            "id": "sg-b6d887dd",
                            "ingress.#": "1",
                            "ingress.3068409405.cidr_blocks.#": "1",
                            "ingress.3068409405.cidr_blocks.0": "0.0.0.0/0",
                            "ingress.3068409405.description": "",
                            "ingress.3068409405.from_port": "8",
                            "ingress.3068409405.ipv6_cidr_blocks.#": "0",
                            "ingress.3068409405.protocol": "icmp",
                            "ingress.3068409405.security_groups.#": "0",
                            "ingress.3068409405.self": "false",
                            "ingress.3068409405.to_port": "0",
                            "name": "mysite-test-allow_ping",
                            "owner_id": "123456789123",
                            "revoke_rules_on_delete": "false",
                            "tags.%": "3",
                            "tags.Environment": "test",
                            "tags.Managed-By": "terraform",
                            "tags.Product": "mysite",
                            "vpc_id": "vpc-12abcdef"
                        },
                        "meta": {
                            "e2bfb730-ecaa-11e6-8f88-34363bc7c4c0": {
                                "create": 600000000000,
                                "delete": 600000000000
                            },
                            "schema_version": "1"
                        },
                        "tainted": false
                    },
                    "deposed": [],
                    "provider": "provider.aws"
                },
                "aws_security_group.allow_ssh": {
                    "type": "aws_security_group",
                    "depends_on": [],
                    "primary": {
                        "id": "sg-afd986c4",
                        "attributes": {
                            "arn": "arn:aws:ec2:us-east-1:123456789123:security-group/sg-afd986c4",
                            "description": "Allow all ssh traffic",
                            "egress.#": "2",
                            "egress.159350365.cidr_blocks.#": "1",
                            "egress.159350365.cidr_blocks.0": "0.0.0.0/0",
                            "egress.159350365.description": "",
                            "egress.159350365.from_port": "22",
                            "egress.159350365.ipv6_cidr_blocks.#": "0",
                            "egress.159350365.prefix_list_ids.#": "0",
                            "egress.159350365.protocol": "tcp",
                            "egress.159350365.security_groups.#": "0",
                            "egress.159350365.self": "false",
                            "egress.159350365.to_port": "22",
                            "egress.2541437006.cidr_blocks.#": "1",
                            "egress.2541437006.cidr_blocks.0": "0.0.0.0/0",
                            "egress.2541437006.description": "",
                            "egress.2541437006.from_port": "22",
                            "egress.2541437006.ipv6_cidr_blocks.#": "0",
                            "egress.2541437006.prefix_list_ids.#": "0",
                            "egress.2541437006.protocol": "tcp",
                            "egress.2541437006.security_groups.#": "0",
                            "egress.2541437006.self": "false",
                            "egress.2541437006.to_port": "22",
                            "id": "sg-afd986c4",
                            "ingress.#": "2",
                            "ingress.159350365.cidr_blocks.#": "1",
                            "ingress.159350365.cidr_blocks.0": "0.0.0.0/0",
                            "ingress.159350365.description": "",
                            "ingress.159350365.from_port": "22",
                            "ingress.159350365.ipv6_cidr_blocks.#": "0",
                            "ingress.159350365.protocol": "tcp",
                            "ingress.159350365.security_groups.#": "0",
                            "ingress.159350365.self": "false",
                            "ingress.159350365.to_port": "22",
                            "ingress.2541437006.cidr_blocks.#": "1",
                            "ingress.2541437006.cidr_blocks.0": "0.0.0.0/0",
                            "ingress.2541437006.description": "",
                            "ingress.2541437006.from_port": "22",
                            "ingress.2541437006.ipv6_cidr_blocks.#": "0",
                            "ingress.2541437006.protocol": "tcp",
                            "ingress.2541437006.security_groups.#": "0",
                            "ingress.2541437006.self": "false",
                            "ingress.2541437006.to_port": "22",
                            "name": "mysite-test-allow_ssh",
                            "owner_id": "123456789123",
                            "revoke_rules_on_delete": "false",
                            "tags.%": "3",
                            "tags.Environment": "test",
                            "tags.Managed-By": "terraform",
                            "tags.Product": "mysite",
                            "vpc_id": "vpc-12abcdef"
                        },
                        "meta": {
                            "e2bfb730-ecaa-11e6-8f88-34363bc7c4c0": {
                                "create": 600000000000,
                                "delete": 600000000000
                            },
                            "schema_version": "1"
                        },
                        "tainted": false
                    },
                    "deposed": [],
                    "provider": "provider.aws"
                },
                "aws_security_group.allow_webserver1_access": {
                    "type": "aws_security_group",
                    "depends_on": [],
                    "primary": {
                        "id": "sg-dcd58ab7",
                        "attributes": {
                            "arn": "arn:aws:ec2:us-east-1:123456789123:security-group/sg-dcd58ab7",
                            "description": "Allow inbound on ports 80 and 443 and outbound on 443",
                            "egress.#": "1",
                            "egress.2617001939.cidr_blocks.#": "1",
                            "egress.2617001939.cidr_blocks.0": "0.0.0.0/0",
                            "egress.2617001939.description": "",
                            "egress.2617001939.from_port": "443",
                            "egress.2617001939.ipv6_cidr_blocks.#": "0",
                            "egress.2617001939.prefix_list_ids.#": "0",
                            "egress.2617001939.protocol": "tcp",
                            "egress.2617001939.security_groups.#": "0",
                            "egress.2617001939.self": "false",
                            "egress.2617001939.to_port": "443",
                            "id": "sg-dcd58ab7",
                            "ingress.#": "2",
                            "ingress.2214680975.cidr_blocks.#": "1",
                            "ingress.2214680975.cidr_blocks.0": "0.0.0.0/0",
                            "ingress.2214680975.description": "",
                            "ingress.2214680975.from_port": "80",
                            "ingress.2214680975.ipv6_cidr_blocks.#": "0",
                            "ingress.2214680975.protocol": "tcp",
                            "ingress.2214680975.security_groups.#": "0",
                            "ingress.2214680975.self": "false",
                            "ingress.2214680975.to_port": "80",
                            "ingress.2617001939.cidr_blocks.#": "1",
                            "ingress.2617001939.cidr_blocks.0": "0.0.0.0/0",
                            "ingress.2617001939.description": "",
                            "ingress.2617001939.from_port": "443",
                            "ingress.2617001939.ipv6_cidr_blocks.#": "0",
                            "ingress.2617001939.protocol": "tcp",
                            "ingress.2617001939.security_groups.#": "0",
                            "ingress.2617001939.self": "false",
                            "ingress.2617001939.to_port": "443",
                            "name": "mysite-test-allow_webserver1_access",
                            "owner_id": "123456789123",
                            "revoke_rules_on_delete": "false",
                            "tags.%": "3",
                            "tags.Environment": "test",
                            "tags.Managed-By": "terraform",
                            "tags.Product": "mysite",
                            "vpc_id": "vpc-12abcdef"
                        },
                        "meta": {
                            "e2bfb730-ecaa-11e6-8f88-34363bc7c4c0": {
                                "create": 600000000000,
                                "delete": 600000000000
                            },
                            "schema_version": "1"
                        },
                        "tainted": false
                    },
                    "deposed": [],
                    "provider": "provider.aws"
                }
            },
            "depends_on": []
        },
        {
            "path": [
                "root",
                "web_server"
            ],
            "outputs": {
                "id": {
                    "sensitive": false,
                    "type": "list",
                    "value": [
                        "i-01b3ea2381e02d928"
                    ]
                },
                "public_ip": {
                    "sensitive": false,
                    "type": "list",
                    "value": [
                        "18.130.100.188"
                    ]
                }
            },
            "resources": {
                "aws_instance.basic_ec2": {
                    "type": "aws_instance",
                    "depends_on": [
                        "aws_security_group.allow_mysite_ports"
                    ],
                    "primary": {
                        "id": "i-01b3ea2381e02d928",
                        "attributes": {
                            "ami": "ami-6b3fd60c",
                            "associate_public_ip_address": "true",
                            "availability_zone": "us-east-1a",
                            "credit_specification.#": "1",
                            "credit_specification.0.cpu_credits": "standard",
                            "disable_api_termination": "false",
                            "ebs_block_device.#": "0",
                            "ebs_optimized": "false",
                            "ephemeral_block_device.#": "0",
                            "get_password_data": "false",
                            "iam_instance_profile": "",
                            "id": "i-01b3ea2381e02d928",
                            "instance_state": "running",
                            "instance_type": "t2.micro",
                            "ipv6_addresses.#": "0",
                            "key_name": "mysite_key_pair",
                            "monitoring": "false",
                            "network_interface.#": "0",
                            "network_interface_id": "eni-da620c8e",
                            "password_data": "",
                            "placement_group": "",
                            "primary_network_interface_id": "eni-da620c8e",
                            "private_dns": "ip-10-0-25-64.us-east-1.compute.internal",
                            "private_ip": "10.0.25.64",
                            "public_dns": "ec2-18-130-100-188.us-east-1.compute.amazonaws.com",
                            "public_ip": "18.130.100.188",
                            "root_block_device.#": "1",
                            "root_block_device.0.delete_on_termination": "true",
                            "root_block_device.0.iops": "150",
                            "root_block_device.0.volume_id": "vol-00477089fa84575d8",
                            "root_block_device.0.volume_size": "50",
                            "root_block_device.0.volume_type": "gp2",
                            "security_groups.#": "0",
                            "source_dest_check": "true",
                            "subnet_id": "subnet-0b924171",
                            "tags.%": "4",
                            "tags.Ansible_host": "webserver1",
                            "tags.Managed-By": "terraform",
                            "tags.Name": "mysite-test--0",
                            "tags.Product": "mysite-test",
                            "tenancy": "default",
                            "volume_tags.%": "0",
                            "vpc_security_group_ids.#": "5",
                            "vpc_security_group_ids.1216241407": "sg-b6d887dd",
                            "vpc_security_group_ids.3412434963": "sg-dcd58ab7",
                            "vpc_security_group_ids.3554451271": "sg-3dd58a56",
                            "vpc_security_group_ids.4141062815": "sg-3dd68956",
                            "vpc_security_group_ids.4255921183": "sg-afd986c4"
                        },
                        "meta": {
                            "e2bfb730-ecaa-11e6-8f88-34363bc7c4c0": {
                                "create": 600000000000,
                                "delete": 1200000000000,
                                "update": 600000000000
                            },
                            "schema_version": "1"
                        },
                        "tainted": false
                    },
                    "deposed": [],
                    "provider": "provider.aws"
                },
                "aws_security_group.allow_mysite_ports": {
                    "type": "aws_security_group",
                    "depends_on": [],
                    "primary": {
                        "id": "sg-3dd68956",
                        "attributes": {
                            "arn": "arn:aws:ec2:us-east-1:123456789123:security-group/sg-3dd68956",
                            "description": "Security group for mongodb-test",
                            "egress.#": "2",
                            "egress.2214680975.cidr_blocks.#": "1",
                            "egress.2214680975.cidr_blocks.0": "0.0.0.0/0",
                            "egress.2214680975.description": "",
                            "egress.2214680975.from_port": "80",
                            "egress.2214680975.ipv6_cidr_blocks.#": "0",
                            "egress.2214680975.prefix_list_ids.#": "0",
                            "egress.2214680975.protocol": "tcp",
                            "egress.2214680975.security_groups.#": "0",
                            "egress.2214680975.self": "false",
                            "egress.2214680975.to_port": "80",
                            "egress.2617001939.cidr_blocks.#": "1",
                            "egress.2617001939.cidr_blocks.0": "0.0.0.0/0",
                            "egress.2617001939.description": "",
                            "egress.2617001939.from_port": "443",
                            "egress.2617001939.ipv6_cidr_blocks.#": "0",
                            "egress.2617001939.prefix_list_ids.#": "0",
                            "egress.2617001939.protocol": "tcp",
                            "egress.2617001939.security_groups.#": "0",
                            "egress.2617001939.self": "false",
                            "egress.2617001939.to_port": "443",
                            "id": "sg-3dd68956",
                            "ingress.#": "0",
                            "name": "mongodb-test",
                            "owner_id": "123456789123",
                            "revoke_rules_on_delete": "false",
                            "tags.%": "2",
                            "tags.Managed-By": "terraform",
                            "tags.Name": "mysite.backend.my_site-test",
                            "vpc_id": "vpc-12abcdef"
                        },
                        "meta": {
                            "e2bfb730-ecaa-11e6-8f88-34363bc7c4c0": {
                                "create": 600000000000,
                                "delete": 600000000000
                            },
                            "schema_version": "1"
                        },
                        "tainted": false
                    },
                    "deposed": [],
                    "provider": "provider.aws"
                },
                "data.template_file.hosts": {
                    "type": "template_file",
                    "depends_on": [],
                    "primary": {
                        "id": "b37476df011c2076cd1ea44dba225adc0ad97d67c6eecec6ef5abb5604fbc1e4",
                        "attributes": {
                            "id": "b37476df011c2076cd1ea44dba225adc0ad97d67c6eecec6ef5abb5604fbc1e4",
                            "rendered": "#",
                            "template": "#",
                            "vars.%": "1",
                            "vars.hostname_to_ip_mappings": ""
                        },
                        "meta": {},
                        "tainted": false
                    },
                    "deposed": [],
                    "provider": "provider.template"
                }
            },
            "depends_on": []
        }
    ]
}
